
Microsoft Visual Studio Solution File, Format Version 12.00
# Visual Studio Version 17
VisualStudioVersion = 17.0.31612.314
MinimumVisualStudioVersion = 10.0.40219.1
Project("{FAE04EC0-301F-11D3-BF4B-00C04F79EFBC}") = "awesome-dotnet5-backgroundservice-starter", "awesome-dotnet5-backgroundservice-starter\awesome-dotnet5-backgroundservice-starter.csproj", "{B20259B9-CA6D-4866-BCC4-61C76CAA218E}"
EndProject
Global
	GlobalSection(SolutionConfigurationPlatforms) = preSolution
		Debug|Any CPU = Debug|Any CPU
		Release|Any CPU = Release|Any CPU
	EndGlobalSection
	GlobalSection(ProjectConfigurationPlatforms) = postSolution
		{B20259B9-CA6D-4866-BCC4-61C76CAA218E}.Debug|Any CPU.ActiveCfg = Debug|Any CPU
		{B20259B9-CA6D-4866-BCC4-61C76CAA218E}.Debug|Any CPU.Build.0 = Debug|Any CPU
		{B20259B9-CA6D-4866-BCC4-61C76CAA218E}.Release|Any CPU.ActiveCfg = Release|Any CPU
		{B20259B9-CA6D-4866-BCC4-61C76CAA218E}.Release|Any CPU.Build.0 = Release|Any CPU
	EndGlobalSection
	GlobalSection(SolutionProperties) = preSolution
		HideSolutionNode = FALSE
	EndGlobalSection
	GlobalSection(ExtensibilityGlobals) = postSolution
		SolutionGuid = {60E78739-7A5F-435B-8BFB-730ACA3AE303}
	EndGlobalSection
EndGlobal
